
Microsoft Visual Studio Solution File, Format Version 12.00
Project("{FAE04EC0-301F-11D3-BF4B-00C04F79EFBC}") = "ProductManagementAPI", "ProductManagementAPI\ProductManagementAPI.csproj", "{A9F85F76-90C7-4204-A146-93AE501CDCBE}"
EndProject
Global
	GlobalSection(SolutionConfigurationPlatforms) = preSolution
		Debug|Any CPU = Debug|Any CPU
		Release|Any CPU = Release|Any CPU
	EndGlobalSection
	GlobalSection(ProjectConfigurationPlatforms) = postSolution
		{A9F85F76-90C7-4204-A146-93AE501CDCBE}.Debug|Any CPU.ActiveCfg = Debug|Any CPU
		{A9F85F76-90C7-4204-A146-93AE501CDCBE}.Debug|Any CPU.Build.0 = Debug|Any CPU
		{A9F85F76-90C7-4204-A146-93AE501CDCBE}.Release|Any CPU.ActiveCfg = Release|Any CPU
		{A9F85F76-90C7-4204-A146-93AE501CDCBE}.Release|Any CPU.Build.0 = Release|Any CPU
	EndGlobalSection
EndGlobal
